# This file is automatically @generated by Poetry 1.7.1 and should not be changed by hand.

[[package]]
name = "trycast"
version = "1.0.0"
description = ""
optional = true
python-versions = ">=3.7.4,<4.0.0"
files = [
    {file = "trycast-1.0.0-py3-none-any.whl", hash = "sha256:93fcbb922ef3a22c587f636ed8c128266bb2615171983dbf2f7edd3ae86afb10"},
    {file = "trycast-1.0.0.tar.gz", hash = "sha256:72dd9be7553337cfba04809646dc144ddd6e3a54f4213ab8b76a14b4a1882e04"},
]

[extras]
type-validation = ["trycast"]

[metadata]
lock-version = "2.0"
python-versions = "^3.8"
content-hash = "0eaaeead3eed242303b21451db3f70689fa825c5c46a267c8c2581d86a0243b2"
